
Microsoft Visual Studio Solution File, Format Version 12.00
# Visual Studio Version 17
VisualStudioVersion = 17.9.34616.47
MinimumVisualStudioVersion = 10.0.40219.1
Project("{FAE04EC0-301F-11D3-BF4B-00C04F79EFBC}") = "Esercitazione", "Esercitazione\Esercitazione.csproj", "{F45FA17A-8B29-435C-BB66-62D33FD17A59}"
EndProject
Global
	GlobalSection(SolutionConfigurationPlatforms) = preSolution
		Debug|Any CPU = Debug|Any CPU
		Release|Any CPU = Release|Any CPU
	EndGlobalSection
	GlobalSection(ProjectConfigurationPlatforms) = postSolution
		{F45FA17A-8B29-435C-BB66-62D33FD17A59}.Debug|Any CPU.ActiveCfg = Debug|Any CPU
		{F45FA17A-8B29-435C-BB66-62D33FD17A59}.Debug|Any CPU.Build.0 = Debug|Any CPU
		{F45FA17A-8B29-435C-BB66-62D33FD17A59}.Release|Any CPU.ActiveCfg = Release|Any CPU
		{F45FA17A-8B29-435C-BB66-62D33FD17A59}.Release|Any CPU.Build.0 = Release|Any CPU
	EndGlobalSection
	GlobalSection(SolutionProperties) = preSolution
		HideSolutionNode = FALSE
	EndGlobalSection
	GlobalSection(ExtensibilityGlobals) = postSolution
		SolutionGuid = {E616AE8A-0B15-44DE-9B73-978653A9F098}
	EndGlobalSection
EndGlobal
